
Microsoft Visual Studio Solution File, Format Version 12.00
# Visual Studio Version 17
VisualStudioVersion = 17.14.36301.6
MinimumVisualStudioVersion = 10.0.40219.1
Project("{2150E333-8FDC-42A3-9474-1A3956D46DE8}") = "DotNet_Core", "DotNet_Core", "{02EA681E-C7D8-13C7-8484-4AC65E1B71E8}"
EndProject
Project("{FAE04EC0-301F-11D3-BF4B-00C04F79EFBC}") = "AddScopedVsTransient", "AddScopedVsTransient\AddScopedVsTransient.csproj", "{69336FDD-F0FF-4034-A707-5429F5491B65}"
EndProject
Project("{2150E333-8FDC-42A3-9474-1A3956D46DE8}") = "CSharp", "CSharp", "{069329ED-4CF3-4AEE-BD56-678351782F94}"
EndProject
Project("{FAE04EC0-301F-11D3-BF4B-00C04F79EFBC}") = "LinQ", "LinQ\LinQ.csproj", "{8F78CE12-3EEB-4736-ADD5-1B6D264AE073}"
EndProject
Project("{FAE04EC0-301F-11D3-BF4B-00C04F79EFBC}") = "ExtensionMethods", "ExtensionMethods\ExtensionMethods.csproj", "{53092788-E017-4DA6-ACA2-76DD6B8753CD}"
EndProject
Global
	GlobalSection(SolutionConfigurationPlatforms) = preSolution
		Debug|Any CPU = Debug|Any CPU
		Release|Any CPU = Release|Any CPU
	EndGlobalSection
	GlobalSection(ProjectConfigurationPlatforms) = postSolution
		{69336FDD-F0FF-4034-A707-5429F5491B65}.Debug|Any CPU.ActiveCfg = Debug|Any CPU
		{69336FDD-F0FF-4034-A707-5429F5491B65}.Debug|Any CPU.Build.0 = Debug|Any CPU
		{69336FDD-F0FF-4034-A707-5429F5491B65}.Release|Any CPU.ActiveCfg = Release|Any CPU
		{69336FDD-F0FF-4034-A707-5429F5491B65}.Release|Any CPU.Build.0 = Release|Any CPU
		{8F78CE12-3EEB-4736-ADD5-1B6D264AE073}.Debug|Any CPU.ActiveCfg = Debug|Any CPU
		{8F78CE12-3EEB-4736-ADD5-1B6D264AE073}.Debug|Any CPU.Build.0 = Debug|Any CPU
		{8F78CE12-3EEB-4736-ADD5-1B6D264AE073}.Release|Any CPU.ActiveCfg = Release|Any CPU
		{8F78CE12-3EEB-4736-ADD5-1B6D264AE073}.Release|Any CPU.Build.0 = Release|Any CPU
		{53092788-E017-4DA6-ACA2-76DD6B8753CD}.Debug|Any CPU.ActiveCfg = Debug|Any CPU
		{53092788-E017-4DA6-ACA2-76DD6B8753CD}.Debug|Any CPU.Build.0 = Debug|Any CPU
		{53092788-E017-4DA6-ACA2-76DD6B8753CD}.Release|Any CPU.ActiveCfg = Release|Any CPU
		{53092788-E017-4DA6-ACA2-76DD6B8753CD}.Release|Any CPU.Build.0 = Release|Any CPU
	EndGlobalSection
	GlobalSection(SolutionProperties) = preSolution
		HideSolutionNode = FALSE
	EndGlobalSection
	GlobalSection(NestedProjects) = preSolution
		{69336FDD-F0FF-4034-A707-5429F5491B65} = {02EA681E-C7D8-13C7-8484-4AC65E1B71E8}
		{8F78CE12-3EEB-4736-ADD5-1B6D264AE073} = {069329ED-4CF3-4AEE-BD56-678351782F94}
		{53092788-E017-4DA6-ACA2-76DD6B8753CD} = {069329ED-4CF3-4AEE-BD56-678351782F94}
	EndGlobalSection
	GlobalSection(ExtensibilityGlobals) = postSolution
		SolutionGuid = {A2B43ABB-9CD0-4781-981D-7E693F25D251}
	EndGlobalSection
EndGlobal
